// !$*UTF8*$!
{
	archiveVersion = 1;
	classes = {
	};
	objectVersion = 55;
	objects = {

/* Begin PBXBuildFile section */
		511614E784A4A131D563B378 /* Pods_ClassicMusicTests.framework in Frameworks */ = {isa = PBXBuildFile; fileRef = DEAB34BBDBA5A1BA0528BC71 /* Pods_ClassicMusicTests.framework */; };
		552638E6DCDA300965605311 /* Pods_ClassicMusic.framework in Frameworks */ = {isa = PBXBuildFile; fileRef = 1348E3B887887FF8ECD00459 /* Pods_ClassicMusic.framework */; };
		E9A1DD929D0068050BC29CBF /* Pods_ClassicMusic_ClassicMusicUITests.framework in Frameworks */ = {isa = PBXBuildFile; fileRef = 008A7476F9D906187489C7DD /* Pods_ClassicMusic_ClassicMusicUITests.framework */; };
		F528912B2AC1457400CBFC0F /* SimpleBoard.storyboard in Resources */ = {isa = PBXBuildFile; fileRef = F528912A2AC1457400CBFC0F /* SimpleBoard.storyboard */; };
		F528912D2AC14B3B00CBFC0F /* video1.mp4 in Resources */ = {isa = PBXBuildFile; fileRef = F528912C2AC14A2C00CBFC0F /* video1.mp4 */; };
		F528912F2AC1658600CBFC0F /* audio1.mp3 in Resources */ = {isa = PBXBuildFile; fileRef = F528912E2AC1658600CBFC0F /* audio1.mp3 */; };
		F57E320E2AE84EE500D26BB5 /* SlideShowVC.swift in Sources */ = {isa = PBXBuildFile; fileRef = F57E320D2AE84EE500D26BB5 /* SlideShowVC.swift */; };
		F59817DA2AE82FB7006EDB84 /* TitleCell.swift in Sources */ = {isa = PBXBuildFile; fileRef = F59817D92AE82FB7006EDB84 /* TitleCell.swift */; };
		F59817DC2AE83101006EDB84 /* User.swift in Sources */ = {isa = PBXBuildFile; fileRef = F59817DB2AE83101006EDB84 /* User.swift */; };
		F59817DE2AE83146006EDB84 /* Extensions.swift in Sources */ = {isa = PBXBuildFile; fileRef = F59817DD2AE83146006EDB84 /* Extensions.swift */; };
		F5A6F9DF2AD9310700C2A715 /* PlayerView.swift in Sources */ = {isa = PBXBuildFile; fileRef = F5A6F9DE2AD9310700C2A715 /* PlayerView.swift */; };
		F5A6F9E12AD9379D00C2A715 /* our_summer.mp3 in Resources */ = {isa = PBXBuildFile; fileRef = F5A6F9E02AD9379D00C2A715 /* our_summer.mp3 */; };
		F5A6F9E52AD9385400C2A715 /* stalevar_street.mp3 in Resources */ = {isa = PBXBuildFile; fileRef = F5A6F9E42AD9385400C2A715 /* stalevar_street.mp3 */; };
		F5A6F9E72AD9386D00C2A715 /* airplane_graveyard.mp3 in Resources */ = {isa = PBXBuildFile; fileRef = F5A6F9E62AD9386D00C2A715 /* airplane_graveyard.mp3 */; };
		F5A6F9E92AD9388900C2A715 /* tanya.mp3 in Resources */ = {isa = PBXBuildFile; fileRef = F5A6F9E82AD9388900C2A715 /* tanya.mp3 */; };
		F5A6F9EB2AD9426A00C2A715 /* Trash.swift in Sources */ = {isa = PBXBuildFile; fileRef = F5A6F9EA2AD9426A00C2A715 /* Trash.swift */; };
		F5A6F9ED2AD9622C00C2A715 /* MiniPlayerView.swift in Sources */ = {isa = PBXBuildFile; fileRef = F5A6F9EC2AD9622C00C2A715 /* MiniPlayerView.swift */; };
		F5BEF4202A79116A002DE770 /* Beethoven.jpg in Resources */ = {isa = PBXBuildFile; fileRef = F5BEF41D2A79116A002DE770 /* Beethoven.jpg */; };
		F5BEF4212A79116B002DE770 /* Paganini.jpg in Resources */ = {isa = PBXBuildFile; fileRef = F5BEF41E2A79116A002DE770 /* Paganini.jpg */; };
		F5BEF4222A79116B002DE770 /* Tchaikovsky.jpg in Resources */ = {isa = PBXBuildFile; fileRef = F5BEF41F2A79116A002DE770 /* Tchaikovsky.jpg */; };
		F5C0181B2A7D5E7B00E89C53 /* ArticleVC.swift in Sources */ = {isa = PBXBuildFile; fileRef = F5C0181A2A7D5E7B00E89C53 /* ArticleVC.swift */; };
		F5C0181D2A7D5F1800E89C53 /* Data.swift in Sources */ = {isa = PBXBuildFile; fileRef = F5C0181C2A7D5F1800E89C53 /* Data.swift */; };
		F5F357C02A6E684700D7E0C4 /* AppDelegate.swift in Sources */ = {isa = PBXBuildFile; fileRef = F5F357BF2A6E684700D7E0C4 /* AppDelegate.swift */; };
		F5F357C22A6E684700D7E0C4 /* SceneDelegate.swift in Sources */ = {isa = PBXBuildFile; fileRef = F5F357C12A6E684700D7E0C4 /* SceneDelegate.swift */; };
		F5F357C42A6E684700D7E0C4 /* ViewController.swift in Sources */ = {isa = PBXBuildFile; fileRef = F5F357C32A6E684700D7E0C4 /* ViewController.swift */; };
		F5F357C92A6E684C00D7E0C4 /* Assets.xcassets in Resources */ = {isa = PBXBuildFile; fileRef = F5F357C82A6E684C00D7E0C4 /* Assets.xcassets */; };
		F5F357CC2A6E684C00D7E0C4 /* LaunchScreen.storyboard in Resources */ = {isa = PBXBuildFile; fileRef = F5F357CA2A6E684C00D7E0C4 /* LaunchScreen.storyboard */; };
		F5F357D72A6E684C00D7E0C4 /* ClassicMusicTests.swift in Sources */ = {isa = PBXBuildFile; fileRef = F5F357D62A6E684C00D7E0C4 /* ClassicMusicTests.swift */; };
		F5F357E12A6E684D00D7E0C4 /* ClassicMusicUITests.swift in Sources */ = {isa = PBXBuildFile; fileRef = F5F357E02A6E684D00D7E0C4 /* ClassicMusicUITests.swift */; };
		F5F357E32A6E684D00D7E0C4 /* ClassicMusicUITestsLaunchTests.swift in Sources */ = {isa = PBXBuildFile; fileRef = F5F357E22A6E684D00D7E0C4 /* ClassicMusicUITestsLaunchTests.swift */; };
		F5F357F02A6E8EB900D7E0C4 /* Theme.swift in Sources */ = {isa = PBXBuildFile; fileRef = F5F357EF2A6E8EB900D7E0C4 /* Theme.swift */; };
		F5F357F72A6E947200D7E0C4 /* TitleCollection.swift in Sources */ = {isa = PBXBuildFile; fileRef = F5F357F62A6E947200D7E0C4 /* TitleCollection.swift */; };
/* End PBXBuildFile section */

/* Begin PBXContainerItemProxy section */
		F5F357D32A6E684C00D7E0C4 /* PBXContainerItemProxy */ = {
			isa = PBXContainerItemProxy;
			containerPortal = F5F357B42A6E684700D7E0C4 /* Project object */;
			proxyType = 1;
			remoteGlobalIDString = F5F357BB2A6E684700D7E0C4;
			remoteInfo = ClassicMusic;
		};
		F5F357DD2A6E684D00D7E0C4 /* PBXContainerItemProxy */ = {
			isa = PBXContainerItemProxy;
			containerPortal = F5F357B42A6E684700D7E0C4 /* Project object */;
			proxyType = 1;
			remoteGlobalIDString = F5F357BB2A6E684700D7E0C4;
			remoteInfo = ClassicMusic;
		};
/* End PBXContainerItemProxy section */

/* Begin PBXFileReference section */
		008A7476F9D906187489C7DD /* Pods_ClassicMusic_ClassicMusicUITests.framework */ = {isa = PBXFileReference; explicitFileType = wrapper.framework; includeInIndex = 0; path = Pods_ClassicMusic_ClassicMusicUITests.framework; sourceTree = BUILT_PRODUCTS_DIR; };
		1348E3B887887FF8ECD00459 /* Pods_ClassicMusic.framework */ = {isa = PBXFileReference; explicitFileType = wrapper.framework; includeInIndex = 0; path = Pods_ClassicMusic.framework; sourceTree = BUILT_PRODUCTS_DIR; };
		1F5EDF6FC57C7B2014F4A74B /* Pods-ClassicMusicTests.release.xcconfig */ = {isa = PBXFileReference; includeInIndex = 1; lastKnownFileType = text.xcconfig; name = "Pods-ClassicMusicTests.release.xcconfig"; path = "Target Support Files/Pods-ClassicMusicTests/Pods-ClassicMusicTests.release.xcconfig"; sourceTree = "<group>"; };
		3F04411A1BF8BC4BF0D0139A /* Pods-ClassicMusic-ClassicMusicUITests.debug.xcconfig */ = {isa = PBXFileReference; includeInIndex = 1; lastKnownFileType = text.xcconfig; name = "Pods-ClassicMusic-ClassicMusicUITests.debug.xcconfig"; path = "Target Support Files/Pods-ClassicMusic-ClassicMusicUITests/Pods-ClassicMusic-ClassicMusicUITests.debug.xcconfig"; sourceTree = "<group>"; };
		518F984AA5B8388AACE42387 /* Pods-ClassicMusic.debug.xcconfig */ = {isa = PBXFileReference; includeInIndex = 1; lastKnownFileType = text.xcconfig; name = "Pods-ClassicMusic.debug.xcconfig"; path = "Target Support Files/Pods-ClassicMusic/Pods-ClassicMusic.debug.xcconfig"; sourceTree = "<group>"; };
		66FEA353BB28FAA07262E8D6 /* Pods-ClassicMusic-ClassicMusicUITests.release.xcconfig */ = {isa = PBXFileReference; includeInIndex = 1; lastKnownFileType = text.xcconfig; name = "Pods-ClassicMusic-ClassicMusicUITests.release.xcconfig"; path = "Target Support Files/Pods-ClassicMusic-ClassicMusicUITests/Pods-ClassicMusic-ClassicMusicUITests.release.xcconfig"; sourceTree = "<group>"; };
		714532CE7ADDE738FAABDF93 /* Pods-ClassicMusicTests.debug.xcconfig */ = {isa = PBXFileReference; includeInIndex = 1; lastKnownFileType = text.xcconfig; name = "Pods-ClassicMusicTests.debug.xcconfig"; path = "Target Support Files/Pods-ClassicMusicTests/Pods-ClassicMusicTests.debug.xcconfig"; sourceTree = "<group>"; };
		DEAB34BBDBA5A1BA0528BC71 /* Pods_ClassicMusicTests.framework */ = {isa = PBXFileReference; explicitFileType = wrapper.framework; includeInIndex = 0; path = Pods_ClassicMusicTests.framework; sourceTree = BUILT_PRODUCTS_DIR; };
		EF06CECB2451D9BDC58030AE /* Pods-ClassicMusic.release.xcconfig */ = {isa = PBXFileReference; includeInIndex = 1; lastKnownFileType = text.xcconfig; name = "Pods-ClassicMusic.release.xcconfig"; path = "Target Support Files/Pods-ClassicMusic/Pods-ClassicMusic.release.xcconfig"; sourceTree = "<group>"; };
		F528912A2AC1457400CBFC0F /* SimpleBoard.storyboard */ = {isa = PBXFileReference; lastKnownFileType = file.storyboard; path = SimpleBoard.storyboard; sourceTree = "<group>"; };
		F528912C2AC14A2C00CBFC0F /* video1.mp4 */ = {isa = PBXFileReference; lastKnownFileType = file; path = video1.mp4; sourceTree = "<group>"; };
		F528912E2AC1658600CBFC0F /* audio1.mp3 */ = {isa = PBXFileReference; lastKnownFileType = audio.mp3; path = audio1.mp3; sourceTree = "<group>"; };
		F57E320D2AE84EE500D26BB5 /* SlideShowVC.swift */ = {isa = PBXFileReference; lastKnownFileType = sourcecode.swift; path = SlideShowVC.swift; sourceTree = "<group>"; };
		F59817D92AE82FB7006EDB84 /* TitleCell.swift */ = {isa = PBXFileReference; lastKnownFileType = sourcecode.swift; path = TitleCell.swift; sourceTree = "<group>"; };
		F59817DB2AE83101006EDB84 /* User.swift */ = {isa = PBXFileReference; fileEncoding = 4; lastKnownFileType = sourcecode.swift; path = User.swift; sourceTree = "<group>"; };
		F59817DD2AE83146006EDB84 /* Extensions.swift */ = {isa = PBXFileReference; lastKnownFileType = sourcecode.swift; path = Extensions.swift; sourceTree = "<group>"; };
		F5A6F9DE2AD9310700C2A715 /* PlayerView.swift */ = {isa = PBXFileReference; lastKnownFileType = sourcecode.swift; path = PlayerView.swift; sourceTree = "<group>"; };
		F5A6F9E02AD9379D00C2A715 /* our_summer.mp3 */ = {isa = PBXFileReference; lastKnownFileType = audio.mp3; path = our_summer.mp3; sourceTree = "<group>"; };
		F5A6F9E42AD9385400C2A715 /* stalevar_street.mp3 */ = {isa = PBXFileReference; lastKnownFileType = audio.mp3; path = stalevar_street.mp3; sourceTree = "<group>"; };
		F5A6F9E62AD9386D00C2A715 /* airplane_graveyard.mp3 */ = {isa = PBXFileReference; lastKnownFileType = audio.mp3; path = airplane_graveyard.mp3; sourceTree = "<group>"; };
		F5A6F9E82AD9388900C2A715 /* tanya.mp3 */ = {isa = PBXFileReference; lastKnownFileType = audio.mp3; path = tanya.mp3; sourceTree = "<group>"; };
		F5A6F9EA2AD9426A00C2A715 /* Trash.swift */ = {isa = PBXFileReference; lastKnownFileType = sourcecode.swift; path = Trash.swift; sourceTree = "<group>"; };
		F5A6F9EC2AD9622C00C2A715 /* MiniPlayerView.swift */ = {isa = PBXFileReference; lastKnownFileType = sourcecode.swift; path = MiniPlayerView.swift; sourceTree = "<group>"; };
		F5BEF41D2A79116A002DE770 /* Beethoven.jpg */ = {isa = PBXFileReference; lastKnownFileType = image.jpeg; path = Beethoven.jpg; sourceTree = "<group>"; };
		F5BEF41E2A79116A002DE770 /* Paganini.jpg */ = {isa = PBXFileReference; lastKnownFileType = image.jpeg; path = Paganini.jpg; sourceTree = "<group>"; };
		F5BEF41F2A79116A002DE770 /* Tchaikovsky.jpg */ = {isa = PBXFileReference; lastKnownFileType = image.jpeg; path = Tchaikovsky.jpg; sourceTree = "<group>"; };
		F5C0181A2A7D5E7B00E89C53 /* ArticleVC.swift */ = {isa = PBXFileReference; lastKnownFileType = sourcecode.swift; path = ArticleVC.swift; sourceTree = "<group>"; };
		F5C0181C2A7D5F1800E89C53 /* Data.swift */ = {isa = PBXFileReference; lastKnownFileType = sourcecode.swift; path = Data.swift; sourceTree = "<group>"; };
		F5F357BC2A6E684700D7E0C4 /* ClassicMusic.app */ = {isa = PBXFileReference; explicitFileType = wrapper.application; includeInIndex = 0; path = ClassicMusic.app; sourceTree = BUILT_PRODUCTS_DIR; };
		F5F357BF2A6E684700D7E0C4 /* AppDelegate.swift */ = {isa = PBXFileReference; lastKnownFileType = sourcecode.swift; path = AppDelegate.swift; sourceTree = "<group>"; };
		F5F357C12A6E684700D7E0C4 /* SceneDelegate.swift */ = {isa = PBXFileReference; lastKnownFileType = sourcecode.swift; path = SceneDelegate.swift; sourceTree = "<group>"; };
		F5F357C32A6E684700D7E0C4 /* ViewController.swift */ = {isa = PBXFileReference; lastKnownFileType = sourcecode.swift; path = ViewController.swift; sourceTree = "<group>"; };
		F5F357C82A6E684C00D7E0C4 /* Assets.xcassets */ = {isa = PBXFileReference; lastKnownFileType = folder.assetcatalog; path = Assets.xcassets; sourceTree = "<group>"; };
		F5F357CB2A6E684C00D7E0C4 /* Base */ = {isa = PBXFileReference; lastKnownFileType = file.storyboard; name = Base; path = Base.lproj/LaunchScreen.storyboard; sourceTree = "<group>"; };
		F5F357CD2A6E684C00D7E0C4 /* Info.plist */ = {isa = PBXFileReference; lastKnownFileType = text.plist.xml; path = Info.plist; sourceTree = "<group>"; };
		F5F357D22A6E684C00D7E0C4 /* ClassicMusicTests.xctest */ = {isa = PBXFileReference; explicitFileType = wrapper.cfbundle; includeInIndex = 0; path = ClassicMusicTests.xctest; sourceTree = BUILT_PRODUCTS_DIR; };
		F5F357D62A6E684C00D7E0C4 /* ClassicMusicTests.swift */ = {isa = PBXFileReference; lastKnownFileType = sourcecode.swift; path = ClassicMusicTests.swift; sourceTree = "<group>"; };
		F5F357DC2A6E684D00D7E0C4 /* ClassicMusicUITests.xctest */ = {isa = PBXFileReference; explicitFileType = wrapper.cfbundle; includeInIndex = 0; path = ClassicMusicUITests.xctest; sourceTree = BUILT_PRODUCTS_DIR; };
		F5F357E02A6E684D00D7E0C4 /* ClassicMusicUITests.swift */ = {isa = PBXFileReference; lastKnownFileType = sourcecode.swift; path = ClassicMusicUITests.swift; sourceTree = "<group>"; };
		F5F357E22A6E684D00D7E0C4 /* ClassicMusicUITestsLaunchTests.swift */ = {isa = PBXFileReference; lastKnownFileType = sourcecode.swift; path = ClassicMusicUITestsLaunchTests.swift; sourceTree = "<group>"; };
		F5F357EF2A6E8EB900D7E0C4 /* Theme.swift */ = {isa = PBXFileReference; lastKnownFileType = sourcecode.swift; path = Theme.swift; sourceTree = "<group>"; };
		F5F357F62A6E947200D7E0C4 /* TitleCollection.swift */ = {isa = PBXFileReference; lastKnownFileType = sourcecode.swift; path = TitleCollection.swift; sourceTree = "<group>"; };
/* End PBXFileReference section */

/* Begin PBXFrameworksBuildPhase section */
		F5F357B92A6E684700D7E0C4 /* Frameworks */ = {
			isa = PBXFrameworksBuildPhase;
			buildActionMask = 2147483647;
			files = (
				552638E6DCDA300965605311 /* Pods_ClassicMusic.framework in Frameworks */,
			);
			runOnlyForDeploymentPostprocessing = 0;
		};
		F5F357CF2A6E684C00D7E0C4 /* Frameworks */ = {
			isa = PBXFrameworksBuildPhase;
			buildActionMask = 2147483647;
			files = (
				511614E784A4A131D563B378 /* Pods_ClassicMusicTests.framework in Frameworks */,
			);
			runOnlyForDeploymentPostprocessing = 0;
		};
		F5F357D92A6E684D00D7E0C4 /* Frameworks */ = {
			isa = PBXFrameworksBuildPhase;
			buildActionMask = 2147483647;
			files = (
				E9A1DD929D0068050BC29CBF /* Pods_ClassicMusic_ClassicMusicUITests.framework in Frameworks */,
			);
			runOnlyForDeploymentPostprocessing = 0;
		};
/* End PBXFrameworksBuildPhase section */

/* Begin PBXGroup section */
		00594D8B309C61FA824462C5 /* Pods */ = {
			isa = PBXGroup;
			children = (
				518F984AA5B8388AACE42387 /* Pods-ClassicMusic.debug.xcconfig */,
				EF06CECB2451D9BDC58030AE /* Pods-ClassicMusic.release.xcconfig */,
				3F04411A1BF8BC4BF0D0139A /* Pods-ClassicMusic-ClassicMusicUITests.debug.xcconfig */,
				66FEA353BB28FAA07262E8D6 /* Pods-ClassicMusic-ClassicMusicUITests.release.xcconfig */,
				714532CE7ADDE738FAABDF93 /* Pods-ClassicMusicTests.debug.xcconfig */,
				1F5EDF6FC57C7B2014F4A74B /* Pods-ClassicMusicTests.release.xcconfig */,
			);
			name = Pods;
			path = Pods;
			sourceTree = "<group>";
		};
		26D54E3D9CA9F9B8FF16D028 /* Frameworks */ = {
			isa = PBXGroup;
			children = (
				1348E3B887887FF8ECD00459 /* Pods_ClassicMusic.framework */,
				008A7476F9D906187489C7DD /* Pods_ClassicMusic_ClassicMusicUITests.framework */,
				DEAB34BBDBA5A1BA0528BC71 /* Pods_ClassicMusicTests.framework */,
			);
			name = Frameworks;
			sourceTree = "<group>";
		};
		F550B01B2AE290B1007D5C41 /* Music */ = {
			isa = PBXGroup;
			children = (
				F5A6F9E82AD9388900C2A715 /* tanya.mp3 */,
				F5A6F9E62AD9386D00C2A715 /* airplane_graveyard.mp3 */,
				F5A6F9E42AD9385400C2A715 /* stalevar_street.mp3 */,
				F5A6F9E02AD9379D00C2A715 /* our_summer.mp3 */,
				F528912E2AC1658600CBFC0F /* audio1.mp3 */,
			);
			path = Music;
			sourceTree = "<group>";
		};
		F5BEF41B2A791132002DE770 /* Images */ = {
			isa = PBXGroup;
			children = (
				F5BEF41D2A79116A002DE770 /* Beethoven.jpg */,
				F5BEF41E2A79116A002DE770 /* Paganini.jpg */,
				F5BEF41F2A79116A002DE770 /* Tchaikovsky.jpg */,
			);
			path = Images;
			sourceTree = "<group>";
		};
		F5F357B32A6E684700D7E0C4 = {
			isa = PBXGroup;
			children = (
				F5F357BE2A6E684700D7E0C4 /* ClassicMusic */,
				F5F357D52A6E684C00D7E0C4 /* ClassicMusicTests */,
				F5F357DF2A6E684D00D7E0C4 /* ClassicMusicUITests */,
				F5F357BD2A6E684700D7E0C4 /* Products */,
				00594D8B309C61FA824462C5 /* Pods */,
				26D54E3D9CA9F9B8FF16D028 /* Frameworks */,
			);
			sourceTree = "<group>";
		};
		F5F357BD2A6E684700D7E0C4 /* Products */ = {
			isa = PBXGroup;
			children = (
				F5F357BC2A6E684700D7E0C4 /* ClassicMusic.app */,
				F5F357D22A6E684C00D7E0C4 /* ClassicMusicTests.xctest */,
				F5F357DC2A6E684D00D7E0C4 /* ClassicMusicUITests.xctest */,
			);
			name = Products;
			sourceTree = "<group>";
		};
		F5F357BE2A6E684700D7E0C4 /* ClassicMusic */ = {
			isa = PBXGroup;
			children = (
				F528912C2AC14A2C00CBFC0F /* video1.mp4 */,
				F5F357F22A6E8ED900D7E0C4 /* Other */,
				F5F357F32A6E8EF800D7E0C4 /* Models */,
				F5F357F42A6E8F1700D7E0C4 /* ModelViews */,
				F5F357F12A6E8EC200D7E0C4 /* Views */,
				F5F357C82A6E684C00D7E0C4 /* Assets.xcassets */,
				F5F357CD2A6E684C00D7E0C4 /* Info.plist */,
				F528912A2AC1457400CBFC0F /* SimpleBoard.storyboard */,
			);
			path = ClassicMusic;
			sourceTree = "<group>";
		};
		F5F357D52A6E684C00D7E0C4 /* ClassicMusicTests */ = {
			isa = PBXGroup;
			children = (
				F5F357D62A6E684C00D7E0C4 /* ClassicMusicTests.swift */,
			);
			path = ClassicMusicTests;
			sourceTree = "<group>";
		};
		F5F357DF2A6E684D00D7E0C4 /* ClassicMusicUITests */ = {
			isa = PBXGroup;
			children = (
				F5F357E02A6E684D00D7E0C4 /* ClassicMusicUITests.swift */,
				F5F357E22A6E684D00D7E0C4 /* ClassicMusicUITestsLaunchTests.swift */,
			);
			path = ClassicMusicUITests;
			sourceTree = "<group>";
		};
		F5F357F12A6E8EC200D7E0C4 /* Views */ = {
			isa = PBXGroup;
			children = (
				F5F357C32A6E684700D7E0C4 /* ViewController.swift */,
				F5C0181A2A7D5E7B00E89C53 /* ArticleVC.swift */,
				F5C0181C2A7D5F1800E89C53 /* Data.swift */,
				F5A6F9DE2AD9310700C2A715 /* PlayerView.swift */,
				F5A6F9EC2AD9622C00C2A715 /* MiniPlayerView.swift */,
				F59817D92AE82FB7006EDB84 /* TitleCell.swift */,
				F57E320D2AE84EE500D26BB5 /* SlideShowVC.swift */,
			);
			path = Views;
			sourceTree = "<group>";
		};
		F5F357F22A6E8ED900D7E0C4 /* Other */ = {
			isa = PBXGroup;
			children = (
				F550B01B2AE290B1007D5C41 /* Music */,
				F5F357F62A6E947200D7E0C4 /* TitleCollection.swift */,
				F5BEF41B2A791132002DE770 /* Images */,
				F5F357CA2A6E684C00D7E0C4 /* LaunchScreen.storyboard */,
				F5F357BF2A6E684700D7E0C4 /* AppDelegate.swift */,
				F5F357C12A6E684700D7E0C4 /* SceneDelegate.swift */,
				F5A6F9EA2AD9426A00C2A715 /* Trash.swift */,
				F59817DD2AE83146006EDB84 /* Extensions.swift */,
			);
			path = Other;
			sourceTree = "<group>";
		};
		F5F357F32A6E8EF800D7E0C4 /* Models */ = {
			isa = PBXGroup;
			children = (
				F59817DB2AE83101006EDB84 /* User.swift */,
				F5F357EF2A6E8EB900D7E0C4 /* Theme.swift */,
			);
			path = Models;
			sourceTree = "<group>";
		};
		F5F357F42A6E8F1700D7E0C4 /* ModelViews */ = {
			isa = PBXGroup;
			children = (
			);
			path = ModelViews;
			sourceTree = "<group>";
		};
/* End PBXGroup section */

/* Begin PBXNativeTarget section */
		F5F357BB2A6E684700D7E0C4 /* ClassicMusic */ = {
			isa = PBXNativeTarget;
			buildConfigurationList = F5F357E62A6E684D00D7E0C4 /* Build configuration list for PBXNativeTarget "ClassicMusic" */;
			buildPhases = (
				1334DE722AFF5F2D6D43B3FE /* [CP] Check Pods Manifest.lock */,
				F5F357B82A6E684700D7E0C4 /* Sources */,
				F5F357B92A6E684700D7E0C4 /* Frameworks */,
				F5F357BA2A6E684700D7E0C4 /* Resources */,
				D3088C45CEAC195D55E6899A /* [CP] Embed Pods Frameworks */,
			);
			buildRules = (
			);
			dependencies = (
			);
			name = ClassicMusic;
			productName = ClassicMusic;
			productReference = F5F357BC2A6E684700D7E0C4 /* ClassicMusic.app */;
			productType = "com.apple.product-type.application";
		};
		F5F357D12A6E684C00D7E0C4 /* ClassicMusicTests */ = {
			isa = PBXNativeTarget;
			buildConfigurationList = F5F357E92A6E684D00D7E0C4 /* Build configuration list for PBXNativeTarget "ClassicMusicTests" */;
			buildPhases = (
				71AEF11345147942981E9141 /* [CP] Check Pods Manifest.lock */,
				F5F357CE2A6E684C00D7E0C4 /* Sources */,
				F5F357CF2A6E684C00D7E0C4 /* Frameworks */,
				F5F357D02A6E684C00D7E0C4 /* Resources */,
			);
			buildRules = (
			);
			dependencies = (
				F5F357D42A6E684C00D7E0C4 /* PBXTargetDependency */,
			);
			name = ClassicMusicTests;
			productName = ClassicMusicTests;
			productReference = F5F357D22A6E684C00D7E0C4 /* ClassicMusicTests.xctest */;
			productType = "com.apple.product-type.bundle.unit-test";
		};
		F5F357DB2A6E684D00D7E0C4 /* ClassicMusicUITests */ = {
			isa = PBXNativeTarget;
			buildConfigurationList = F5F357EC2A6E684D00D7E0C4 /* Build configuration list for PBXNativeTarget "ClassicMusicUITests" */;
			buildPhases = (
				63AFB6B4E5DAB603DAE14749 /* [CP] Check Pods Manifest.lock */,
				F5F357D82A6E684D00D7E0C4 /* Sources */,
				F5F357D92A6E684D00D7E0C4 /* Frameworks */,
				F5F357DA2A6E684D00D7E0C4 /* Resources */,
				9F48F88318EC461216F2F5B3 /* [CP] Embed Pods Frameworks */,
			);
			buildRules = (
			);
			dependencies = (
				F5F357DE2A6E684D00D7E0C4 /* PBXTargetDependency */,
			);
			name = ClassicMusicUITests;
			productName = ClassicMusicUITests;
			productReference = F5F357DC2A6E684D00D7E0C4 /* ClassicMusicUITests.xctest */;
			productType = "com.apple.product-type.bundle.ui-testing";
		};
/* End PBXNativeTarget section */

/* Begin PBXProject section */
		F5F357B42A6E684700D7E0C4 /* Project object */ = {
			isa = PBXProject;
			attributes = {
				BuildIndependentTargetsInParallel = 1;
				LastSwiftUpdateCheck = 1330;
				LastUpgradeCheck = 1330;
				TargetAttributes = {
					F5F357BB2A6E684700D7E0C4 = {
						CreatedOnToolsVersion = 13.3;
					};
					F5F357D12A6E684C00D7E0C4 = {
						CreatedOnToolsVersion = 13.3;
						TestTargetID = F5F357BB2A6E684700D7E0C4;
					};
					F5F357DB2A6E684D00D7E0C4 = {
						CreatedOnToolsVersion = 13.3;
						TestTargetID = F5F357BB2A6E684700D7E0C4;
					};
				};
			};
			buildConfigurationList = F5F357B72A6E684700D7E0C4 /* Build configuration list for PBXProject "ClassicMusic" */;
			compatibilityVersion = "Xcode 13.0";
			developmentRegion = en;
			hasScannedForEncodings = 0;
			knownRegions = (
				en,
				Base,
			);
			mainGroup = F5F357B32A6E684700D7E0C4;
			productRefGroup = F5F357BD2A6E684700D7E0C4 /* Products */;
			projectDirPath = "";
			projectRoot = "";
			targets = (
				F5F357BB2A6E684700D7E0C4 /* ClassicMusic */,
				F5F357D12A6E684C00D7E0C4 /* ClassicMusicTests */,
				F5F357DB2A6E684D00D7E0C4 /* ClassicMusicUITests */,
			);
		};
/* End PBXProject section */

/* Begin PBXResourcesBuildPhase section */
		F5F357BA2A6E684700D7E0C4 /* Resources */ = {
			isa = PBXResourcesBuildPhase;
			buildActionMask = 2147483647;
			files = (
				F528912D2AC14B3B00CBFC0F /* video1.mp4 in Resources */,
				F5A6F9E92AD9388900C2A715 /* tanya.mp3 in Resources */,
				F5BEF4212A79116B002DE770 /* Paganini.jpg in Resources */,
				F5BEF4202A79116A002DE770 /* Beethoven.jpg in Resources */,
				F5A6F9E12AD9379D00C2A715 /* our_summer.mp3 in Resources */,
				F5A6F9E52AD9385400C2A715 /* stalevar_street.mp3 in Resources */,
				F528912F2AC1658600CBFC0F /* audio1.mp3 in Resources */,
				F5F357CC2A6E684C00D7E0C4 /* LaunchScreen.storyboard in Resources */,
				F5BEF4222A79116B002DE770 /* Tchaikovsky.jpg in Resources */,
				F5F357C92A6E684C00D7E0C4 /* Assets.xcassets in Resources */,
				F528912B2AC1457400CBFC0F /* SimpleBoard.storyboard in Resources */,
				F5A6F9E72AD9386D00C2A715 /* airplane_graveyard.mp3 in Resources */,
			);
			runOnlyForDeploymentPostprocessing = 0;
		};
		F5F357D02A6E684C00D7E0C4 /* Resources */ = {
			isa = PBXResourcesBuildPhase;
			buildActionMask = 2147483647;
			files = (
			);
			runOnlyForDeploymentPostprocessing = 0;
		};
		F5F357DA2A6E684D00D7E0C4 /* Resources */ = {
			isa = PBXResourcesBuildPhase;
			buildActionMask = 2147483647;
			files = (
			);
			runOnlyForDeploymentPostprocessing = 0;
		};
/* End PBXResourcesBuildPhase section */

/* Begin PBXShellScriptBuildPhase section */
		1334DE722AFF5F2D6D43B3FE /* [CP] Check Pods Manifest.lock */ = {
			isa = PBXShellScriptBuildPhase;
			buildActionMask = 2147483647;
			files = (
			);
			inputFileListPaths = (
			);
			inputPaths = (
				"${PODS_PODFILE_DIR_PATH}/Podfile.lock",
				"${PODS_ROOT}/Manifest.lock",
			);
			name = "[CP] Check Pods Manifest.lock";
			outputFileListPaths = (
			);
			outputPaths = (
				"$(DERIVED_FILE_DIR)/Pods-ClassicMusic-checkManifestLockResult.txt",
			);
			runOnlyForDeploymentPostprocessing = 0;
			shellPath = /bin/sh;
			shellScript = "diff \"${PODS_PODFILE_DIR_PATH}/Podfile.lock\" \"${PODS_ROOT}/Manifest.lock\" > /dev/null\nif [ $? != 0 ] ; then\n    # print error to STDERR\n    echo \"error: The sandbox is not in sync with the Podfile.lock. Run 'pod install' or update your CocoaPods installation.\" >&2\n    exit 1\nfi\n# This output is used by Xcode 'outputs' to avoid re-running this script phase.\necho \"SUCCESS\" > \"${SCRIPT_OUTPUT_FILE_0}\"\n";
			showEnvVarsInLog = 0;
		};
		63AFB6B4E5DAB603DAE14749 /* [CP] Check Pods Manifest.lock */ = {
			isa = PBXShellScriptBuildPhase;
			buildActionMask = 2147483647;
			files = (
			);
			inputFileListPaths = (
			);
			inputPaths = (
				"${PODS_PODFILE_DIR_PATH}/Podfile.lock",
				"${PODS_ROOT}/Manifest.lock",
			);
			name = "[CP] Check Pods Manifest.lock";
			outputFileListPaths = (
			);
			outputPaths = (
				"$(DERIVED_FILE_DIR)/Pods-ClassicMusic-ClassicMusicUITests-checkManifestLockResult.txt",
			);
			runOnlyForDeploymentPostprocessing = 0;
			shellPath = /bin/sh;
			shellScript = "diff \"${PODS_PODFILE_DIR_PATH}/Podfile.lock\" \"${PODS_ROOT}/Manifest.lock\" > /dev/null\nif [ $? != 0 ] ; then\n    # print error to STDERR\n    echo \"error: The sandbox is not in sync with the Podfile.lock. Run 'pod install' or update your CocoaPods installation.\" >&2\n    exit 1\nfi\n# This output is used by Xcode 'outputs' to avoid re-running this script phase.\necho \"SUCCESS\" > \"${SCRIPT_OUTPUT_FILE_0}\"\n";
			showEnvVarsInLog = 0;
		};
		71AEF11345147942981E9141 /* [CP] Check Pods Manifest.lock */ = {
			isa = PBXShellScriptBuildPhase;
			buildActionMask = 2147483647;
			files = (
			);
			inputFileListPaths = (
			);
			inputPaths = (
				"${PODS_PODFILE_DIR_PATH}/Podfile.lock",
				"${PODS_ROOT}/Manifest.lock",
			);
			name = "[CP] Check Pods Manifest.lock";
			outputFileListPaths = (
			);
			outputPaths = (
				"$(DERIVED_FILE_DIR)/Pods-ClassicMusicTests-checkManifestLockResult.txt",
			);
			runOnlyForDeploymentPostprocessing = 0;
			shellPath = /bin/sh;
			shellScript = "diff \"${PODS_PODFILE_DIR_PATH}/Podfile.lock\" \"${PODS_ROOT}/Manifest.lock\" > /dev/null\nif [ $? != 0 ] ; then\n    # print error to STDERR\n    echo \"error: The sandbox is not in sync with the Podfile.lock. Run 'pod install' or update your CocoaPods installation.\" >&2\n    exit 1\nfi\n# This output is used by Xcode 'outputs' to avoid re-running this script phase.\necho \"SUCCESS\" > \"${SCRIPT_OUTPUT_FILE_0}\"\n";
			showEnvVarsInLog = 0;
		};
		9F48F88318EC461216F2F5B3 /* [CP] Embed Pods Frameworks */ = {
			isa = PBXShellScriptBuildPhase;
			buildActionMask = 2147483647;
			files = (
			);
			inputFileListPaths = (
				"${PODS_ROOT}/Target Support Files/Pods-ClassicMusic-ClassicMusicUITests/Pods-ClassicMusic-ClassicMusicUITests-frameworks-${CONFIGURATION}-input-files.xcfilelist",
			);
			name = "[CP] Embed Pods Frameworks";
			outputFileListPaths = (
				"${PODS_ROOT}/Target Support Files/Pods-ClassicMusic-ClassicMusicUITests/Pods-ClassicMusic-ClassicMusicUITests-frameworks-${CONFIGURATION}-output-files.xcfilelist",
			);
			runOnlyForDeploymentPostprocessing = 0;
			shellPath = /bin/sh;
			shellScript = "\"${PODS_ROOT}/Target Support Files/Pods-ClassicMusic-ClassicMusicUITests/Pods-ClassicMusic-ClassicMusicUITests-frameworks.sh\"\n";
			showEnvVarsInLog = 0;
		};
		D3088C45CEAC195D55E6899A /* [CP] Embed Pods Frameworks */ = {
			isa = PBXShellScriptBuildPhase;
			buildActionMask = 2147483647;
			files = (
			);
			inputFileListPaths = (
				"${PODS_ROOT}/Target Support Files/Pods-ClassicMusic/Pods-ClassicMusic-frameworks-${CONFIGURATION}-input-files.xcfilelist",
			);
			name = "[CP] Embed Pods Frameworks";
			outputFileListPaths = (
				"${PODS_ROOT}/Target Support Files/Pods-ClassicMusic/Pods-ClassicMusic-frameworks-${CONFIGURATION}-output-files.xcfilelist",
			);
			runOnlyForDeploymentPostprocessing = 0;
			shellPath = /bin/sh;
			shellScript = "\"${PODS_ROOT}/Target Support Files/Pods-ClassicMusic/Pods-ClassicMusic-frameworks.sh\"\n";
			showEnvVarsInLog = 0;
		};
/* End PBXShellScriptBuildPhase section */

/* Begin PBXSourcesBuildPhase section */
		F5F357B82A6E684700D7E0C4 /* Sources */ = {
			isa = PBXSourcesBuildPhase;
			buildActionMask = 2147483647;
			files = (
				F5A6F9EB2AD9426A00C2A715 /* Trash.swift in Sources */,
				F59817DA2AE82FB7006EDB84 /* TitleCell.swift in Sources */,
				F5C0181D2A7D5F1800E89C53 /* Data.swift in Sources */,
				F5F357C42A6E684700D7E0C4 /* ViewController.swift in Sources */,
				F5C0181B2A7D5E7B00E89C53 /* ArticleVC.swift in Sources */,
				F5A6F9DF2AD9310700C2A715 /* PlayerView.swift in Sources */,
				F5F357F02A6E8EB900D7E0C4 /* Theme.swift in Sources */,
				F57E320E2AE84EE500D26BB5 /* SlideShowVC.swift in Sources */,
				F5F357C02A6E684700D7E0C4 /* AppDelegate.swift in Sources */,
				F59817DE2AE83146006EDB84 /* Extensions.swift in Sources */,
				F59817DC2AE83101006EDB84 /* User.swift in Sources */,
				F5F357C22A6E684700D7E0C4 /* SceneDelegate.swift in Sources */,
				F5A6F9ED2AD9622C00C2A715 /* MiniPlayerView.swift in Sources */,
				F5F357F72A6E947200D7E0C4 /* TitleCollection.swift in Sources */,
			);
			runOnlyForDeploymentPostprocessing = 0;
		};
		F5F357CE2A6E684C00D7E0C4 /* Sources */ = {
			isa = PBXSourcesBuildPhase;
			buildActionMask = 2147483647;
			files = (
				F5F357D72A6E684C00D7E0C4 /* ClassicMusicTests.swift in Sources */,
			);
			runOnlyForDeploymentPostprocessing = 0;
		};
		F5F357D82A6E684D00D7E0C4 /* Sources */ = {
			isa = PBXSourcesBuildPhase;
			buildActionMask = 2147483647;
			files = (
				F5F357E12A6E684D00D7E0C4 /* ClassicMusicUITests.swift in Sources */,
				F5F357E32A6E684D00D7E0C4 /* ClassicMusicUITestsLaunchTests.swift in Sources */,
			);
			runOnlyForDeploymentPostprocessing = 0;
		};
/* End PBXSourcesBuildPhase section */

/* Begin PBXTargetDependency section */
		F5F357D42A6E684C00D7E0C4 /* PBXTargetDependency */ = {
			isa = PBXTargetDependency;
			target = F5F357BB2A6E684700D7E0C4 /* ClassicMusic */;
			targetProxy = F5F357D32A6E684C00D7E0C4 /* PBXContainerItemProxy */;
		};
		F5F357DE2A6E684D00D7E0C4 /* PBXTargetDependency */ = {
			isa = PBXTargetDependency;
			target = F5F357BB2A6E684700D7E0C4 /* ClassicMusic */;
			targetProxy = F5F357DD2A6E684D00D7E0C4 /* PBXContainerItemProxy */;
		};
/* End PBXTargetDependency section */

/* Begin PBXVariantGroup section */
		F5F357CA2A6E684C00D7E0C4 /* LaunchScreen.storyboard */ = {
			isa = PBXVariantGroup;
			children = (
				F5F357CB2A6E684C00D7E0C4 /* Base */,
			);
			name = LaunchScreen.storyboard;
			sourceTree = "<group>";
		};
/* End PBXVariantGroup section */

/* Begin XCBuildConfiguration section */
		F5F357E42A6E684D00D7E0C4 /* Debug */ = {
			isa = XCBuildConfiguration;
			buildSettings = {
				ALWAYS_SEARCH_USER_PATHS = NO;
				CLANG_ANALYZER_NONNULL = YES;
				CLANG_ANALYZER_NUMBER_OBJECT_CONVERSION = YES_AGGRESSIVE;
				CLANG_CXX_LANGUAGE_STANDARD = "gnu++17";
				CLANG_ENABLE_MODULES = YES;
				CLANG_ENABLE_OBJC_ARC = YES;
				CLANG_ENABLE_OBJC_WEAK = YES;
				CLANG_WARN_BLOCK_CAPTURE_AUTORELEASING = YES;
				CLANG_WARN_BOOL_CONVERSION = YES;
				CLANG_WARN_COMMA = YES;
				CLANG_WARN_CONSTANT_CONVERSION = YES;
				CLANG_WARN_DEPRECATED_OBJC_IMPLEMENTATIONS = YES;
				CLANG_WARN_DIRECT_OBJC_ISA_USAGE = YES_ERROR;
				CLANG_WARN_DOCUMENTATION_COMMENTS = YES;
				CLANG_WARN_EMPTY_BODY = YES;
				CLANG_WARN_ENUM_CONVERSION = YES;
				CLANG_WARN_INFINITE_RECURSION = YES;
				CLANG_WARN_INT_CONVERSION = YES;
				CLANG_WARN_NON_LITERAL_NULL_CONVERSION = YES;
				CLANG_WARN_OBJC_IMPLICIT_RETAIN_SELF = YES;
				CLANG_WARN_OBJC_LITERAL_CONVERSION = YES;
				CLANG_WARN_OBJC_ROOT_CLASS = YES_ERROR;
				CLANG_WARN_QUOTED_INCLUDE_IN_FRAMEWORK_HEADER = YES;
				CLANG_WARN_RANGE_LOOP_ANALYSIS = YES;
				CLANG_WARN_STRICT_PROTOTYPES = YES;
				CLANG_WARN_SUSPICIOUS_MOVE = YES;
				CLANG_WARN_UNGUARDED_AVAILABILITY = YES_AGGRESSIVE;
				CLANG_WARN_UNREACHABLE_CODE = YES;
				CLANG_WARN__DUPLICATE_METHOD_MATCH = YES;
				COPY_PHASE_STRIP = NO;
				DEBUG_INFORMATION_FORMAT = dwarf;
				ENABLE_STRICT_OBJC_MSGSEND = YES;
				ENABLE_TESTABILITY = YES;
				GCC_C_LANGUAGE_STANDARD = gnu11;
				GCC_DYNAMIC_NO_PIC = NO;
				GCC_NO_COMMON_BLOCKS = YES;
				GCC_OPTIMIZATION_LEVEL = 0;
				GCC_PREPROCESSOR_DEFINITIONS = (
					"DEBUG=1",
					"$(inherited)",
				);
				GCC_WARN_64_TO_32_BIT_CONVERSION = YES;
				GCC_WARN_ABOUT_RETURN_TYPE = YES_ERROR;
				GCC_WARN_UNDECLARED_SELECTOR = YES;
				GCC_WARN_UNINITIALIZED_AUTOS = YES_AGGRESSIVE;
				GCC_WARN_UNUSED_FUNCTION = YES;
				GCC_WARN_UNUSED_VARIABLE = YES;
				IPHONEOS_DEPLOYMENT_TARGET = 15.4;
				MTL_ENABLE_DEBUG_INFO = INCLUDE_SOURCE;
				MTL_FAST_MATH = YES;
				ONLY_ACTIVE_ARCH = YES;
				SDKROOT = iphoneos;
				SWIFT_ACTIVE_COMPILATION_CONDITIONS = DEBUG;
				SWIFT_OPTIMIZATION_LEVEL = "-Onone";
			};
			name = Debug;
		};
		F5F357E52A6E684D00D7E0C4 /* Release */ = {
			isa = XCBuildConfiguration;
			buildSettings = {
				ALWAYS_SEARCH_USER_PATHS = NO;
				CLANG_ANALYZER_NONNULL = YES;
				CLANG_ANALYZER_NUMBER_OBJECT_CONVERSION = YES_AGGRESSIVE;
				CLANG_CXX_LANGUAGE_STANDARD = "gnu++17";
				CLANG_ENABLE_MODULES = YES;
				CLANG_ENABLE_OBJC_ARC = YES;
				CLANG_ENABLE_OBJC_WEAK = YES;
				CLANG_WARN_BLOCK_CAPTURE_AUTORELEASING = YES;
				CLANG_WARN_BOOL_CONVERSION = YES;
				CLANG_WARN_COMMA = YES;
				CLANG_WARN_CONSTANT_CONVERSION = YES;
				CLANG_WARN_DEPRECATED_OBJC_IMPLEMENTATIONS = YES;
				CLANG_WARN_DIRECT_OBJC_ISA_USAGE = YES_ERROR;
				CLANG_WARN_DOCUMENTATION_COMMENTS = YES;
				CLANG_WARN_EMPTY_BODY = YES;
				CLANG_WARN_ENUM_CONVERSION = YES;
				CLANG_WARN_INFINITE_RECURSION = YES;
				CLANG_WARN_INT_CONVERSION = YES;
				CLANG_WARN_NON_LITERAL_NULL_CONVERSION = YES;
				CLANG_WARN_OBJC_IMPLICIT_RETAIN_SELF = YES;
				CLANG_WARN_OBJC_LITERAL_CONVERSION = YES;
				CLANG_WARN_OBJC_ROOT_CLASS = YES_ERROR;
				CLANG_WARN_QUOTED_INCLUDE_IN_FRAMEWORK_HEADER = YES;
				CLANG_WARN_RANGE_LOOP_ANALYSIS = YES;
				CLANG_WARN_STRICT_PROTOTYPES = YES;
				CLANG_WARN_SUSPICIOUS_MOVE = YES;
				CLANG_WARN_UNGUARDED_AVAILABILITY = YES_AGGRESSIVE;
				CLANG_WARN_UNREACHABLE_CODE = YES;
				CLANG_WARN__DUPLICATE_METHOD_MATCH = YES;
				COPY_PHASE_STRIP = NO;
				DEBUG_INFORMATION_FORMAT = "dwarf-with-dsym";
				ENABLE_NS_ASSERTIONS = NO;
				ENABLE_STRICT_OBJC_MSGSEND = YES;
				GCC_C_LANGUAGE_STANDARD = gnu11;
				GCC_NO_COMMON_BLOCKS = YES;
				GCC_WARN_64_TO_32_BIT_CONVERSION = YES;
				GCC_WARN_ABOUT_RETURN_TYPE = YES_ERROR;
				GCC_WARN_UNDECLARED_SELECTOR = YES;
				GCC_WARN_UNINITIALIZED_AUTOS = YES_AGGRESSIVE;
				GCC_WARN_UNUSED_FUNCTION = YES;
				GCC_WARN_UNUSED_VARIABLE = YES;
				IPHONEOS_DEPLOYMENT_TARGET = 15.4;
				MTL_ENABLE_DEBUG_INFO = NO;
				MTL_FAST_MATH = YES;
				SDKROOT = iphoneos;
				SWIFT_COMPILATION_MODE = wholemodule;
				SWIFT_OPTIMIZATION_LEVEL = "-O";
				VALIDATE_PRODUCT = YES;
			};
			name = Release;
		};
		F5F357E72A6E684D00D7E0C4 /* Debug */ = {
			isa = XCBuildConfiguration;
			baseConfigurationReference = 518F984AA5B8388AACE42387 /* Pods-ClassicMusic.debug.xcconfig */;
			buildSettings = {
				ASSETCATALOG_COMPILER_APPICON_NAME = AppIcon;
				ASSETCATALOG_COMPILER_GLOBAL_ACCENT_COLOR_NAME = AccentColor;
				CODE_SIGN_STYLE = Automatic;
				CURRENT_PROJECT_VERSION = 1;
				GENERATE_INFOPLIST_FILE = YES;
				INFOPLIST_FILE = ClassicMusic/Info.plist;
				INFOPLIST_KEY_CFBundleDisplayName = ClassicMusic;
				INFOPLIST_KEY_UIApplicationSupportsIndirectInputEvents = YES;
				INFOPLIST_KEY_UILaunchStoryboardName = LaunchScreen;
				INFOPLIST_KEY_UISupportedInterfaceOrientations_iPad = "UIInterfaceOrientationPortrait UIInterfaceOrientationPortraitUpsideDown UIInterfaceOrientationLandscapeLeft UIInterfaceOrientationLandscapeRight";
				INFOPLIST_KEY_UISupportedInterfaceOrientations_iPhone = "UIInterfaceOrientationPortrait UIInterfaceOrientationLandscapeLeft UIInterfaceOrientationLandscapeRight";
				LD_RUNPATH_SEARCH_PATHS = (
					"$(inherited)",
					"@executable_path/Frameworks",
				);
				MARKETING_VERSION = 1.0;
				PRODUCT_BUNDLE_IDENTIFIER = com.arslanarslanarslan1.ClassicMusic;
				PRODUCT_NAME = "$(TARGET_NAME)";
				SWIFT_EMIT_LOC_STRINGS = YES;
				SWIFT_VERSION = 5.0;
				TARGETED_DEVICE_FAMILY = "1,2";
			};
			name = Debug;
		};
		F5F357E82A6E684D00D7E0C4 /* Release */ = {
			isa = XCBuildConfiguration;
			baseConfigurationReference = EF06CECB2451D9BDC58030AE /* Pods-ClassicMusic.release.xcconfig */;
			buildSettings = {
				ASSETCATALOG_COMPILER_APPICON_NAME = AppIcon;
				ASSETCATALOG_COMPILER_GLOBAL_ACCENT_COLOR_NAME = AccentColor;
				CODE_SIGN_STYLE = Automatic;
				CURRENT_PROJECT_VERSION = 1;
				GENERATE_INFOPLIST_FILE = YES;
				INFOPLIST_FILE = ClassicMusic/Info.plist;
				INFOPLIST_KEY_CFBundleDisplayName = ClassicMusic;
				INFOPLIST_KEY_UIApplicationSupportsIndirectInputEvents = YES;
				INFOPLIST_KEY_UILaunchStoryboardName = LaunchScreen;
				INFOPLIST_KEY_UISupportedInterfaceOrientations_iPad = "UIInterfaceOrientationPortrait UIInterfaceOrientationPortraitUpsideDown UIInterfaceOrientationLandscapeLeft UIInterfaceOrientationLandscapeRight";
				INFOPLIST_KEY_UISupportedInterfaceOrientations_iPhone = "UIInterfaceOrientationPortrait UIInterfaceOrientationLandscapeLeft UIInterfaceOrientationLandscapeRight";
				LD_RUNPATH_SEARCH_PATHS = (
					"$(inherited)",
					"@executable_path/Frameworks",
				);
				MARKETING_VERSION = 1.0;
				PRODUCT_BUNDLE_IDENTIFIER = com.arslanarslanarslan1.ClassicMusic;
				PRODUCT_NAME = "$(TARGET_NAME)";
				SWIFT_EMIT_LOC_STRINGS = YES;
				SWIFT_VERSION = 5.0;
				TARGETED_DEVICE_FAMILY = "1,2";
			};
			name = Release;
		};
		F5F357EA2A6E684D00D7E0C4 /* Debug */ = {
			isa = XCBuildConfiguration;
			baseConfigurationReference = 714532CE7ADDE738FAABDF93 /* Pods-ClassicMusicTests.debug.xcconfig */;
			buildSettings = {
				ALWAYS_EMBED_SWIFT_STANDARD_LIBRARIES = YES;
				BUNDLE_LOADER = "$(TEST_HOST)";
				CODE_SIGN_STYLE = Automatic;
				CURRENT_PROJECT_VERSION = 1;
				GENERATE_INFOPLIST_FILE = YES;
				IPHONEOS_DEPLOYMENT_TARGET = 15.4;
				MARKETING_VERSION = 1.0;
				PRODUCT_BUNDLE_IDENTIFIER = com.arslanarslanarslan1.ClassicMusicTests;
				PRODUCT_NAME = "$(TARGET_NAME)";
				SWIFT_EMIT_LOC_STRINGS = NO;
				SWIFT_VERSION = 5.0;
				TARGETED_DEVICE_FAMILY = "1,2";
				TEST_HOST = "$(BUILT_PRODUCTS_DIR)/ClassicMusic.app/ClassicMusic";
			};
			name = Debug;
		};
		F5F357EB2A6E684D00D7E0C4 /* Release */ = {
			isa = XCBuildConfiguration;
			baseConfigurationReference = 1F5EDF6FC57C7B2014F4A74B /* Pods-ClassicMusicTests.release.xcconfig */;
			buildSettings = {
				ALWAYS_EMBED_SWIFT_STANDARD_LIBRARIES = YES;
				BUNDLE_LOADER = "$(TEST_HOST)";
				CODE_SIGN_STYLE = Automatic;
				CURRENT_PROJECT_VERSION = 1;
				GENERATE_INFOPLIST_FILE = YES;
				IPHONEOS_DEPLOYMENT_TARGET = 15.4;
				MARKETING_VERSION = 1.0;
				PRODUCT_BUNDLE_IDENTIFIER = com.arslanarslanarslan1.ClassicMusicTests;
				PRODUCT_NAME = "$(TARGET_NAME)";
				SWIFT_EMIT_LOC_STRINGS = NO;
				SWIFT_VERSION = 5.0;
				TARGETED_DEVICE_FAMILY = "1,2";
				TEST_HOST = "$(BUILT_PRODUCTS_DIR)/ClassicMusic.app/ClassicMusic";
			};
			name = Release;
		};
		F5F357ED2A6E684D00D7E0C4 /* Debug */ = {
			isa = XCBuildConfiguration;
			baseConfigurationReference = 3F04411A1BF8BC4BF0D0139A /* Pods-ClassicMusic-ClassicMusicUITests.debug.xcconfig */;
			buildSettings = {
				ALWAYS_EMBED_SWIFT_STANDARD_LIBRARIES = YES;
				CODE_SIGN_STYLE = Automatic;
				CURRENT_PROJECT_VERSION = 1;
				GENERATE_INFOPLIST_FILE = YES;
				MARKETING_VERSION = 1.0;
				PRODUCT_BUNDLE_IDENTIFIER = com.arslanarslanarslan1.ClassicMusicUITests;
				PRODUCT_NAME = "$(TARGET_NAME)";
				SWIFT_EMIT_LOC_STRINGS = NO;
				SWIFT_VERSION = 5.0;
				TARGETED_DEVICE_FAMILY = "1,2";
				TEST_TARGET_NAME = ClassicMusic;
			};
			name = Debug;
		};
		F5F357EE2A6E684D00D7E0C4 /* Release */ = {
			isa = XCBuildConfiguration;
			baseConfigurationReference = 66FEA353BB28FAA07262E8D6 /* Pods-ClassicMusic-ClassicMusicUITests.release.xcconfig */;
			buildSettings = {
				ALWAYS_EMBED_SWIFT_STANDARD_LIBRARIES = YES;
				CODE_SIGN_STYLE = Automatic;
				CURRENT_PROJECT_VERSION = 1;
				GENERATE_INFOPLIST_FILE = YES;
				MARKETING_VERSION = 1.0;
				PRODUCT_BUNDLE_IDENTIFIER = com.arslanarslanarslan1.ClassicMusicUITests;
				PRODUCT_NAME = "$(TARGET_NAME)";
				SWIFT_EMIT_LOC_STRINGS = NO;
				SWIFT_VERSION = 5.0;
				TARGETED_DEVICE_FAMILY = "1,2";
				TEST_TARGET_NAME = ClassicMusic;
			};
			name = Release;
		};
/* End XCBuildConfiguration section */

/* Begin XCConfigurationList section */
		F5F357B72A6E684700D7E0C4 /* Build configuration list for PBXProject "ClassicMusic" */ = {
			isa = XCConfigurationList;
			buildConfigurations = (
				F5F357E42A6E684D00D7E0C4 /* Debug */,
				F5F357E52A6E684D00D7E0C4 /* Release */,
			);
			defaultConfigurationIsVisible = 0;
			defaultConfigurationName = Release;
		};
		F5F357E62A6E684D00D7E0C4 /* Build configuration list for PBXNativeTarget "ClassicMusic" */ = {
			isa = XCConfigurationList;
			buildConfigurations = (
				F5F357E72A6E684D00D7E0C4 /* Debug */,
				F5F357E82A6E684D00D7E0C4 /* Release */,
			);
			defaultConfigurationIsVisible = 0;
			defaultConfigurationName = Release;
		};
		F5F357E92A6E684D00D7E0C4 /* Build configuration list for PBXNativeTarget "ClassicMusicTests" */ = {
			isa = XCConfigurationList;
			buildConfigurations = (
				F5F357EA2A6E684D00D7E0C4 /* Debug */,
				F5F357EB2A6E684D00D7E0C4 /* Release */,
			);
			defaultConfigurationIsVisible = 0;
			defaultConfigurationName = Release;
		};
		F5F357EC2A6E684D00D7E0C4 /* Build configuration list for PBXNativeTarget "ClassicMusicUITests" */ = {
			isa = XCConfigurationList;
			buildConfigurations = (
				F5F357ED2A6E684D00D7E0C4 /* Debug */,
				F5F357EE2A6E684D00D7E0C4 /* Release */,
			);
			defaultConfigurationIsVisible = 0;
			defaultConfigurationName = Release;
		};
/* End XCConfigurationList section */
	};
	rootObject = F5F357B42A6E684700D7E0C4 /* Project object */;
}
